
Microsoft Visual Studio Solution File, Format Version 12.00
# Visual Studio Version 17
VisualStudioVersion = 17.13.35507.96 d17.13
MinimumVisualStudioVersion = 10.0.40219.1
Project("{FAE04EC0-301F-11D3-BF4B-00C04F79EFBC}") = "ConsoleApp19", "ConsoleApp19\ConsoleApp19.csproj", "{B1295F35-C08A-4CB3-A738-4BA6723AF618}"
EndProject
Global
	GlobalSection(SolutionConfigurationPlatforms) = preSolution
		Debug|Any CPU = Debug|Any CPU
		Release|Any CPU = Release|Any CPU
	EndGlobalSection
	GlobalSection(ProjectConfigurationPlatforms) = postSolution
		{B1295F35-C08A-4CB3-A738-4BA6723AF618}.Debug|Any CPU.ActiveCfg = Debug|Any CPU
		{B1295F35-C08A-4CB3-A738-4BA6723AF618}.Debug|Any CPU.Build.0 = Debug|Any CPU
		{B1295F35-C08A-4CB3-A738-4BA6723AF618}.Release|Any CPU.ActiveCfg = Release|Any CPU
		{B1295F35-C08A-4CB3-A738-4BA6723AF618}.Release|Any CPU.Build.0 = Release|Any CPU
	EndGlobalSection
	GlobalSection(SolutionProperties) = preSolution
		HideSolutionNode = FALSE
	EndGlobalSection
	GlobalSection(ExtensibilityGlobals) = postSolution
		SolutionGuid = {B7C3F072-1D98-4194-99A2-E7B5CCCD3807}
	EndGlobalSection
EndGlobal
